lockfileVersion: '6.0'

settings:
  autoInstallPeers: true
  excludeLinksFromLockfile: false

dependencies:
  '@prisma/client':
    specifier: 5.22.0-dev.17
    version: 5.22.0-dev.17(prisma@5.22.0-dev.17)

devDependencies:
  prisma:
    specifier: 5.22.0-dev.17
    version: 5.22.0-dev.17

packages:

  /@prisma/client@5.22.0-dev.17(prisma@5.22.0-dev.17):
    resolution: {integrity: sha512-tFIhGVcH1UAMv3IxlbPZhmONCA6q2FWGJ0e4Td3wgpZhWNcMG2Z9lUEu2EECJllc6xl46/lFXBB5fdw6Td9qZQ==}
    engines: {node: '>=16.13'}
    requiresBuild: true
    peerDependencies:
      prisma: '*'
    peerDependenciesMeta:
      prisma:
        optional: true
    dependencies:
      prisma: 5.22.0-dev.17
    dev: false

  /@prisma/debug@5.22.0-dev.17:
    resolution: {integrity: sha512-CFvpnrMF5HyEE9dJTJ/BSIx/fgZEAmPxviTc9T2d26hTRk4aODvmooxRDOSDTN5hZLqaxJXLREXjne6cCjv6DQ==}

  /@prisma/engines-version@5.22.0-44.605197351a3c8bdd595af2d2a9bc3025bca48ea2:
    resolution: {integrity: sha512-2PTmxFR2yHW/eB3uqWtcgRcgAbG1rwG9ZriSvQw+nnb7c4uCr3RAcGMb6/zfE88SKlC1Nj2ziUvc96Z379mHgQ==}

  /@prisma/engines@5.22.0-dev.17:
    resolution: {integrity: sha512-IfhWWVUKcanSlb8CZ+oZaxCGFBGENhR2KtO/vJMPVMZkXxLna2IrnJNQ30uPWZbPYlmkmGLbH7k8B+JCcY17Ng==}
    requiresBuild: true
    dependencies:
      '@prisma/debug': 5.22.0-dev.17
      '@prisma/engines-version': 5.22.0-44.605197351a3c8bdd595af2d2a9bc3025bca48ea2
      '@prisma/fetch-engine': 5.22.0-dev.17
      '@prisma/get-platform': 5.22.0-dev.17

  /@prisma/fetch-engine@5.22.0-dev.17:
    resolution: {integrity: sha512-cVTI6rQADKYaRTe21qPeBwI79e84MF8dGHSUUVL30DcS73Y31wVIHvWIknNl17ONH0kYs2GEIXBVjUsZRWn0kg==}
    dependencies:
      '@prisma/debug': 5.22.0-dev.17
      '@prisma/engines-version': 5.22.0-44.605197351a3c8bdd595af2d2a9bc3025bca48ea2
      '@prisma/get-platform': 5.22.0-dev.17

  /@prisma/get-platform@5.22.0-dev.17:
    resolution: {integrity: sha512-o7BIuCfutS5kUfaX84AFEFkCkosFHqq0F04jpvb2EftLoV+np1I0oQpWRzhYgCmifMA434JnV0t8mKt+5BrgEA==}
    dependencies:
      '@prisma/debug': 5.22.0-dev.17

  /fsevents@2.3.3:
    resolution: {integrity: sha512-5xoDfX+fL7faATnagmWPpbFtwh/R77WmMMqqHGS65C3vvB0YHrgF+B1YmZ3441tMj5n63k0212XNoJwzlhffQw==}
    engines: {node: ^8.16.0 || ^10.6.0 || >=11.0.0}
    os: [darwin]
    requiresBuild: true
    optional: true

  /prisma@5.22.0-dev.17:
    resolution: {integrity: sha512-Nx3VNxTP9ar/8RppEmmBmsHTfxUZ0R4VtCsO2J3VRSBX9l0jyKUlyf/QgiY5lMZHLgy62UyUvGq4p3PFL/Bk0g==}
    engines: {node: '>=16.13'}
    hasBin: true
    requiresBuild: true
    dependencies:
      '@prisma/engines': 5.22.0-dev.17
    optionalDependencies:
      fsevents: 2.3.3
