lockfileVersion: '6.0'

settings:
  autoInstallPeers: true
  excludeLinksFromLockfile: false

dependencies:
  '@prisma/client':
    specifier: 6.1.0-dev.10
    version: 6.1.0-dev.10(prisma@6.1.0-dev.10)

devDependencies:
  prisma:
    specifier: 6.1.0-dev.10
    version: 6.1.0-dev.10

packages:

  /@prisma/client@6.1.0-dev.10(prisma@6.1.0-dev.10):
    resolution: {integrity: sha512-si3X6B4zkyM5AEqpTu90/wNBIwHLNW7N+y7H2Yf7/FyiICUnkm243yray83gvZguXKH5iB9SvP1xMqanl+uGjg==}
    engines: {node: '>=18.18'}
    requiresBuild: true
    peerDependencies:
      prisma: '*'
    peerDependenciesMeta:
      prisma:
        optional: true
    dependencies:
      prisma: 6.1.0-dev.10
    dev: false

  /@prisma/debug@6.1.0-dev.10:
    resolution: {integrity: sha512-dzTVu3N/T4KEdau4g6RKhZ3gtQO2ZZulpsK5sXRZm3cOpfYyHNLDs9Lih/vs8U6hPitUKtvJkHBuaIbk7Sxw2w==}

  /@prisma/engines-version@6.1.0-5.c74f8976aaa3212c16a61537319f9024d0c21e85:
    resolution: {integrity: sha512-CiTmkeEpXwXNbkDK/+DiibKsw1xuEvBtpi6qTzrqfaPR0i3Lq4knWtMaT4M/VOoTGb9l60wLxDptp9+cyqdWxA==}

  /@prisma/engines@6.1.0-dev.10:
    resolution: {integrity: sha512-4F3L1nhrhVlIgA+Ho7xKPBDImNVmgdDCJ9dLWyFmF+fHLZH8CoL0R4sZyNk2svwTuTTIoBYNoI+trkamOqoBZA==}
    requiresBuild: true
    dependencies:
      '@prisma/debug': 6.1.0-dev.10
      '@prisma/engines-version': 6.1.0-5.c74f8976aaa3212c16a61537319f9024d0c21e85
      '@prisma/fetch-engine': 6.1.0-dev.10
      '@prisma/get-platform': 6.1.0-dev.10

  /@prisma/fetch-engine@6.1.0-dev.10:
    resolution: {integrity: sha512-/3eA08ExEaJj9eQL2zcKMJzLSdwPLy784o8vCEayS4e/JkLCStFS4Wo2TPqL3hW93yLaDD8HdAJZHj4pDEB2FA==}
    dependencies:
      '@prisma/debug': 6.1.0-dev.10
      '@prisma/engines-version': 6.1.0-5.c74f8976aaa3212c16a61537319f9024d0c21e85
      '@prisma/get-platform': 6.1.0-dev.10

  /@prisma/get-platform@6.1.0-dev.10:
    resolution: {integrity: sha512-zRRKgmw87d6E6Rd+x9wdgbIQ8KUzQeaMGRyaIsmvCZMIOoCsjFLekseKNXdkfumWAHxYMmWLejDNsWmCl9BNdw==}
    dependencies:
      '@prisma/debug': 6.1.0-dev.10

  /fsevents@2.3.3:
    resolution: {integrity: sha512-5xoDfX+fL7faATnagmWPpbFtwh/R77WmMMqqHGS65C3vvB0YHrgF+B1YmZ3441tMj5n63k0212XNoJwzlhffQw==}
    engines: {node: ^8.16.0 || ^10.6.0 || >=11.0.0}
    os: [darwin]
    requiresBuild: true
    optional: true

  /prisma@6.1.0-dev.10:
    resolution: {integrity: sha512-hvmNiku3rmlj/9yBKfSH134xAhZjTkEiuUoUKpyRh643fW2VlWGdydsc/Y/Yvv94P9pcnbMCq103a2LXO7F/dw==}
    engines: {node: '>=18.18'}
    hasBin: true
    requiresBuild: true
    dependencies:
      '@prisma/engines': 6.1.0-dev.10
    optionalDependencies:
      fsevents: 2.3.3
