lockfileVersion: '6.0'

settings:
  autoInstallPeers: true
  excludeLinksFromLockfile: false

dependencies:
  '@prisma/client':
    specifier: 6.3.0-dev.25
    version: 6.3.0-dev.25(prisma@6.3.0-dev.25)

devDependencies:
  prisma:
    specifier: 6.3.0-dev.25
    version: 6.3.0-dev.25

packages:

  /@prisma/client@6.3.0-dev.25(prisma@6.3.0-dev.25):
    resolution: {integrity: sha512-kydExxjj24Lp44PapbbbEhqC9Q+6TLtNOu6ni6q5MEyfreEo0e65aisGIhze7r9C9f+e6EI/lhR5EDlIfP41EQ==}
    engines: {node: '>=18.18'}
    requiresBuild: true
    peerDependencies:
      prisma: '*'
    peerDependenciesMeta:
      prisma:
        optional: true
    dependencies:
      prisma: 6.3.0-dev.25
    dev: false

  /@prisma/debug@6.3.0-dev.25:
    resolution: {integrity: sha512-tI7PNS0cFSoAIDjHd+WvPJnFYZ3Nf5s5ZCf9CPKYLBwuSIUaSZuh6B03bMyr9MVwUhPti49xjv7Wh4WgD5QqkA==}

  /@prisma/engines-version@6.3.0-16.eb5bc5493ac383a8fe3c3e7fabfc93e4d44ca21e:
    resolution: {integrity: sha512-IuTktbGcsaol48wkjlQefwgZItLWMKWjfpUcWDxz27/iYvEY4WRhI/NQRDt9Ri8wI0IqUo7IxNGFEQ2nuMhy7Q==}

  /@prisma/engines@6.3.0-dev.25:
    resolution: {integrity: sha512-sxwFSxmM/+z6kwS+2n1fEx1y9KmannvBw3iik8A7zFjGNEEfjRyW7MXvsLrTU6UFC38gLvYZSs/HF/sjHCzMeQ==}
    requiresBuild: true
    dependencies:
      '@prisma/debug': 6.3.0-dev.25
      '@prisma/engines-version': 6.3.0-16.eb5bc5493ac383a8fe3c3e7fabfc93e4d44ca21e
      '@prisma/fetch-engine': 6.3.0-dev.25
      '@prisma/get-platform': 6.3.0-dev.25

  /@prisma/fetch-engine@6.3.0-dev.25:
    resolution: {integrity: sha512-Yr+W+V3drhre1ueUPsfR+m7HrYVt+kddaDuBtMikQTseGuiSI/UlYnImsy42Hw5lrjrkZa/6Bm3xnxwj59YtKA==}
    dependencies:
      '@prisma/debug': 6.3.0-dev.25
      '@prisma/engines-version': 6.3.0-16.eb5bc5493ac383a8fe3c3e7fabfc93e4d44ca21e
      '@prisma/get-platform': 6.3.0-dev.25

  /@prisma/get-platform@6.3.0-dev.25:
    resolution: {integrity: sha512-MwgsYLFtjMQrzXJSV9kS2WmyO2uywREbePQ9tnDrzReeqfAiKojISCQZYatny/kfNuE/UOkCp/zXjiSS0M89Hw==}
    dependencies:
      '@prisma/debug': 6.3.0-dev.25

  /fsevents@2.3.3:
    resolution: {integrity: sha512-5xoDfX+fL7faATnagmWPpbFtwh/R77WmMMqqHGS65C3vvB0YHrgF+B1YmZ3441tMj5n63k0212XNoJwzlhffQw==}
    engines: {node: ^8.16.0 || ^10.6.0 || >=11.0.0}
    os: [darwin]
    requiresBuild: true
    optional: true

  /prisma@6.3.0-dev.25:
    resolution: {integrity: sha512-Mh8G3QnC3rVgel/K/mmbRedkwQhYSpCFFbIEuoAk2YbkVp/KuaEqoKYoVEXDMlYM7HclHmS4ZI/BZwLo1NvTJw==}
    engines: {node: '>=18.18'}
    hasBin: true
    requiresBuild: true
    dependencies:
      '@prisma/engines': 6.3.0-dev.25
    optionalDependencies:
      fsevents: 2.3.3
