lockfileVersion: '6.0'

settings:
  autoInstallPeers: true
  excludeLinksFromLockfile: false

dependencies:
  '@prisma/client':
    specifier: 6.1.0-dev.2
    version: 6.1.0-dev.2(prisma@6.1.0-dev.2)

devDependencies:
  prisma:
    specifier: 6.1.0-dev.2
    version: 6.1.0-dev.2

packages:

  /@prisma/client@6.1.0-dev.2(prisma@6.1.0-dev.2):
    resolution: {integrity: sha512-h2Go+E3KhS8ZYP+Kp+lBUlta47OUmx9ZLKQkWUjdBPgPmPYpappm4o2gZ5pn60wRKllxb3RQOxTu4CvMPQOqNQ==}
    engines: {node: '>=18.18'}
    requiresBuild: true
    peerDependencies:
      prisma: '*'
    peerDependenciesMeta:
      prisma:
        optional: true
    dependencies:
      prisma: 6.1.0-dev.2
    dev: false

  /@prisma/debug@6.1.0-dev.2:
    resolution: {integrity: sha512-N2wfsZGgO8aHQ4N2vlWh52OZCqPmzSKYhruojGtUw/tgb6eD4FNGWXFGGEqh0E601wIYNFAaF05YEMSFqGW/jg==}

  /@prisma/engines-version@6.1.0-2.90f806087042dadc661facba8e98a05456ae095e:
    resolution: {integrity: sha512-HslL22+0WrwTNie+6ilktCnyCdUzxEHY27x1MounhRyIkCa9W5uzqTjRWdPwelobntfCXPq3W2uxabeCx/pLzw==}

  /@prisma/engines@6.1.0-dev.2:
    resolution: {integrity: sha512-9VseTa2SW3IOkwDp4GhqMRPSbHLWI2P2D/IBW9k67MIGC7CKJvTmydA2/W4fCyyN7maOjnNEBO3zD2PSen1mow==}
    requiresBuild: true
    dependencies:
      '@prisma/debug': 6.1.0-dev.2
      '@prisma/engines-version': 6.1.0-2.90f806087042dadc661facba8e98a05456ae095e
      '@prisma/fetch-engine': 6.1.0-dev.2
      '@prisma/get-platform': 6.1.0-dev.2

  /@prisma/fetch-engine@6.1.0-dev.2:
    resolution: {integrity: sha512-nXYTpZkLLYyQveHagnizKNM3IwstEwKkXg3IqP3mqCAotVsrNyMVCuv8ev6pEdaCvgtigwtLvBS6aDd3IbU8YQ==}
    dependencies:
      '@prisma/debug': 6.1.0-dev.2
      '@prisma/engines-version': 6.1.0-2.90f806087042dadc661facba8e98a05456ae095e
      '@prisma/get-platform': 6.1.0-dev.2

  /@prisma/get-platform@6.1.0-dev.2:
    resolution: {integrity: sha512-a8yaN5dYdreXx5W/YkoHatFg+8AZLmzktB1rKhFdqSImFp/LJbaSBKSR2Qy9nnVt3MLm/uufS0HhnvQ47XosbA==}
    dependencies:
      '@prisma/debug': 6.1.0-dev.2

  /fsevents@2.3.3:
    resolution: {integrity: sha512-5xoDfX+fL7faATnagmWPpbFtwh/R77WmMMqqHGS65C3vvB0YHrgF+B1YmZ3441tMj5n63k0212XNoJwzlhffQw==}
    engines: {node: ^8.16.0 || ^10.6.0 || >=11.0.0}
    os: [darwin]
    requiresBuild: true
    optional: true

  /prisma@6.1.0-dev.2:
    resolution: {integrity: sha512-rL9sGiT/aC9bobQ7yq9gtG4i4aL0cC38aunDIAZLdirMfdU3eqDSG8iDMtqAkQPtjpLLeT/zKDtmXFQMVfoRcA==}
    engines: {node: '>=18.18'}
    hasBin: true
    requiresBuild: true
    dependencies:
      '@prisma/engines': 6.1.0-dev.2
    optionalDependencies:
      fsevents: 2.3.3
