lockfileVersion: '6.0'

settings:
  autoInstallPeers: true
  excludeLinksFromLockfile: false

dependencies:
  '@prisma/client':
    specifier: 5.22.0-dev.13
    version: 5.22.0-dev.13(prisma@5.22.0-dev.13)

devDependencies:
  prisma:
    specifier: 5.22.0-dev.13
    version: 5.22.0-dev.13

packages:

  /@prisma/client@5.22.0-dev.13(prisma@5.22.0-dev.13):
    resolution: {integrity: sha512-F4LKRzEnTIZTxMZCesmnY05XRh9x5WLOwgukmiYej/z1YruJykQ/4EsKYFR6hp1kMzLO/P529JZRtg+IuclkLw==}
    engines: {node: '>=16.13'}
    requiresBuild: true
    peerDependencies:
      prisma: '*'
    peerDependenciesMeta:
      prisma:
        optional: true
    dependencies:
      prisma: 5.22.0-dev.13
    dev: false

  /@prisma/debug@5.22.0-dev.13:
    resolution: {integrity: sha512-xrALDVF/pHXqVwfUYYhrsaMGKpGNHT6PiK6KB+BmvWVTG6qMV4JTrFa6g6JHcBmqhpEOijFWK3XNRgzhpG53eg==}

  /@prisma/engines-version@5.22.0-39.387bb643aa7d27f1f14d278b1a15691d8d4ed3f8:
    resolution: {integrity: sha512-AocxcjhJJL3Rnq/e+YX2HQUUwGghFRxdCyfKWQYokRls0OgB4OphZfuYM+E9/T2/3lWWzAati7SQSwz+MtMlhg==}

  /@prisma/engines@5.22.0-dev.13:
    resolution: {integrity: sha512-a0NI+fQs+suYQSMPx04sn+uOl16n0HwErGimvvekm2MkL5nH3gXygNMsDeDyZ3AlQ/iY4+2MQVHrdzcf822Xsg==}
    requiresBuild: true
    dependencies:
      '@prisma/debug': 5.22.0-dev.13
      '@prisma/engines-version': 5.22.0-39.387bb643aa7d27f1f14d278b1a15691d8d4ed3f8
      '@prisma/fetch-engine': 5.22.0-dev.13
      '@prisma/get-platform': 5.22.0-dev.13

  /@prisma/fetch-engine@5.22.0-dev.13:
    resolution: {integrity: sha512-tEGzwEyCFxy7gN8Merxc6tkXOHNGikssjJMZ+DqVd4Mashrygglly1NhoN+QgtWLeZ8W4iPRXs3fxDgrHp6KmA==}
    dependencies:
      '@prisma/debug': 5.22.0-dev.13
      '@prisma/engines-version': 5.22.0-39.387bb643aa7d27f1f14d278b1a15691d8d4ed3f8
      '@prisma/get-platform': 5.22.0-dev.13

  /@prisma/get-platform@5.22.0-dev.13:
    resolution: {integrity: sha512-yHsPkWkqKMy8a7Jps8ef4OdaLUTFedNzgUfUd0s3sYA8qWiQK+OzwjPcwzXyJDs30Iq6DaAtFAuqB1m49EzLRA==}
    dependencies:
      '@prisma/debug': 5.22.0-dev.13

  /fsevents@2.3.3:
    resolution: {integrity: sha512-5xoDfX+fL7faATnagmWPpbFtwh/R77WmMMqqHGS65C3vvB0YHrgF+B1YmZ3441tMj5n63k0212XNoJwzlhffQw==}
    engines: {node: ^8.16.0 || ^10.6.0 || >=11.0.0}
    os: [darwin]
    requiresBuild: true
    optional: true

  /prisma@5.22.0-dev.13:
    resolution: {integrity: sha512-jofpZ2d9KFrZmAwjmoKu6nmKcjrscaZXgNdAiYXdMescheV+uaX6evMkI+DYVgFNEOt3+IIzE7obLCLQGMW8bw==}
    engines: {node: '>=16.13'}
    hasBin: true
    requiresBuild: true
    dependencies:
      '@prisma/engines': 5.22.0-dev.13
    optionalDependencies:
      fsevents: 2.3.3
