lockfileVersion: '6.0'

settings:
  autoInstallPeers: true
  excludeLinksFromLockfile: false

dependencies:
  '@prisma/client':
    specifier: 6.2.0-dev.10
    version: 6.2.0-dev.10(prisma@6.2.0-dev.10)

devDependencies:
  prisma:
    specifier: 6.2.0-dev.10
    version: 6.2.0-dev.10

packages:

  /@prisma/client@6.2.0-dev.10(prisma@6.2.0-dev.10):
    resolution: {integrity: sha512-vbY/G/p5F6RFLVDrox82T+Nh6OXClAMUCgCqLGKVre/+bDsFYxceZpkGFoBYdRS/Y2hdAHz26eOXno5TFJYDHw==}
    engines: {node: '>=18.18'}
    requiresBuild: true
    peerDependencies:
      prisma: '*'
    peerDependenciesMeta:
      prisma:
        optional: true
    dependencies:
      prisma: 6.2.0-dev.10
    dev: false

  /@prisma/debug@6.2.0-dev.10:
    resolution: {integrity: sha512-kn/1Ngd+7GtALyeUWumbIjxA8sonN3c5m4zAnxSPUGkSpRfhH49i7FMEbrL5cZuyatAobrqEAiatQWhiZY7gLg==}

  /@prisma/engines-version@6.2.0-11.c49e56c20818c325095752dd0ae895b0dc7bad9f:
    resolution: {integrity: sha512-rti9pHqH8qEupAXZwBQiIdbD/zP4rxT59iuDg4dlTaAKGimSg8WcyHu4DQoXJj4pwQKGeFDb+ZGoZNorXeke7g==}

  /@prisma/engines@6.2.0-dev.10:
    resolution: {integrity: sha512-ORvySmZDgcy0+iB+XjCTQ5k9AcHVSyRPdtqSY7m7sJGHuDQ6muszsGsGM4nq1QebiH3Cutycv/Rs4y4tf1JJWQ==}
    requiresBuild: true
    dependencies:
      '@prisma/debug': 6.2.0-dev.10
      '@prisma/engines-version': 6.2.0-11.c49e56c20818c325095752dd0ae895b0dc7bad9f
      '@prisma/fetch-engine': 6.2.0-dev.10
      '@prisma/get-platform': 6.2.0-dev.10

  /@prisma/fetch-engine@6.2.0-dev.10:
    resolution: {integrity: sha512-Fi1XQpo08H+O6U+KmVS5sh2boPvlZO3ay9/aBg4k/9U03WgTs5kJe3m/I38wrIMn/UaXP2rA+//tLxxCCfYh2Q==}
    dependencies:
      '@prisma/debug': 6.2.0-dev.10
      '@prisma/engines-version': 6.2.0-11.c49e56c20818c325095752dd0ae895b0dc7bad9f
      '@prisma/get-platform': 6.2.0-dev.10

  /@prisma/get-platform@6.2.0-dev.10:
    resolution: {integrity: sha512-2kkAq57W3XQujqAB3ECPC+r1e6pDj7ScZCNYIDk5UXvbDGVP/EahtgMncQBBWZb2dLSOzTCYUiscxKcMIdcO+A==}
    dependencies:
      '@prisma/debug': 6.2.0-dev.10

  /fsevents@2.3.3:
    resolution: {integrity: sha512-5xoDfX+fL7faATnagmWPpbFtwh/R77WmMMqqHGS65C3vvB0YHrgF+B1YmZ3441tMj5n63k0212XNoJwzlhffQw==}
    engines: {node: ^8.16.0 || ^10.6.0 || >=11.0.0}
    os: [darwin]
    requiresBuild: true
    optional: true

  /prisma@6.2.0-dev.10:
    resolution: {integrity: sha512-WOrk2QulQKSxc6vUoAMn0VHLx/VrBSO+du7uYnqFjGh+kNoXoH26rjsN3iYZDiZu32tbQm50EjCgY4OUDmTVSQ==}
    engines: {node: '>=18.18'}
    hasBin: true
    requiresBuild: true
    dependencies:
      '@prisma/engines': 6.2.0-dev.10
    optionalDependencies:
      fsevents: 2.3.3
