lockfileVersion: '6.0'

settings:
  autoInstallPeers: true
  excludeLinksFromLockfile: false

dependencies:
  '@prisma/client':
    specifier: 6.4.0-dev.37
    version: 6.4.0-dev.37(prisma@6.4.0-dev.37)
  '@prisma/extension-accelerate':
    specifier: 1.2.1
    version: 1.2.1(@prisma/client@6.4.0-dev.37)

devDependencies:
  prisma:
    specifier: 6.4.0-dev.37
    version: 6.4.0-dev.37

packages:

  /@prisma/client@6.4.0-dev.37(prisma@6.4.0-dev.37):
    resolution: {integrity: sha512-nyXvD3lOk4I39m7k2lM/t0jJt7+6O4MlKNlWA1hs/nLoDiTapgN5wIDlzhmWqppIXFLoDrL7OFaOPXWrhP2zWA==}
    engines: {node: '>=18.18'}
    requiresBuild: true
    peerDependencies:
      prisma: '*'
      typescript: '>=5.1.0'
    peerDependenciesMeta:
      prisma:
        optional: true
      typescript:
        optional: true
    dependencies:
      prisma: 6.4.0-dev.37
    dev: false

  /@prisma/debug@6.4.0-dev.37:
    resolution: {integrity: sha512-KmhBXt1LWZ9xJa+UwTsZ7ixBiQVGUOlADaBCX16epDiRa6cPE+XSeRcO2pqskARt245xGtZUsH5xavC4Zyy9eA==}

  /@prisma/engines-version@6.4.0-21.08b0da61b89855d81a37b120c20ccb3019379e22:
    resolution: {integrity: sha512-dk2fZkpPypQCdC8SiS1m2QP1MXXRULXI+jfQlfHeoRx9jQ0qANwSdguR8rVc1cXP7I9O0WPGgBY6WGJKEpcNJQ==}

  /@prisma/engines@6.4.0-dev.37:
    resolution: {integrity: sha512-+blXslfwyDsrUyZQP9AHZ6L24tSmxCPIEQHBokS8kq3z71DUQ7ZydZhjjGVLaILeX1NmUZCmA7RJiRyJeCZqAg==}
    requiresBuild: true
    dependencies:
      '@prisma/debug': 6.4.0-dev.37
      '@prisma/engines-version': 6.4.0-21.08b0da61b89855d81a37b120c20ccb3019379e22
      '@prisma/fetch-engine': 6.4.0-dev.37
      '@prisma/get-platform': 6.4.0-dev.37

  /@prisma/extension-accelerate@1.2.1(@prisma/client@6.4.0-dev.37):
    resolution: {integrity: sha512-QicnMeyqL226ilT3vvRsFAqPeIdqHGKR4c25CoK5zZ1tNIv8egfgpD1gCKqOGmfAz0pIKQnMuJU3eNg9KItC7A==}
    engines: {node: '>=16'}
    peerDependencies:
      '@prisma/client': '>=4.16.1'
    dependencies:
      '@prisma/client': 6.4.0-dev.37(prisma@6.4.0-dev.37)
    dev: false

  /@prisma/fetch-engine@6.4.0-dev.37:
    resolution: {integrity: sha512-76KWE8wNcZAehPnsAv/OXRbAM8EGCGi37WOLvBi2AAGZWqhsWO5RH1buWLvasAmCkSV8jEivG85D56sOUCsPzQ==}
    dependencies:
      '@prisma/debug': 6.4.0-dev.37
      '@prisma/engines-version': 6.4.0-21.08b0da61b89855d81a37b120c20ccb3019379e22
      '@prisma/get-platform': 6.4.0-dev.37

  /@prisma/get-platform@6.4.0-dev.37:
    resolution: {integrity: sha512-WZVXRUlKqPL96ukyrHll6UZ9ZQizSZeaehqYOpXuvfTJj8P2l2P7mWqznPNK7Ndwob26CW2BnZHL0QvozTsaVA==}
    dependencies:
      '@prisma/debug': 6.4.0-dev.37

  /fsevents@2.3.3:
    resolution: {integrity: sha512-5xoDfX+fL7faATnagmWPpbFtwh/R77WmMMqqHGS65C3vvB0YHrgF+B1YmZ3441tMj5n63k0212XNoJwzlhffQw==}
    engines: {node: ^8.16.0 || ^10.6.0 || >=11.0.0}
    os: [darwin]
    requiresBuild: true
    optional: true

  /prisma@6.4.0-dev.37:
    resolution: {integrity: sha512-uZfTjz7BkeExIQUA2UJJ9A7+Yp2JQe4fVb7WuZywW3hFjvA1odhldS8eKeJX0Yi2a/puxR0F7hrenSwUvyJ3uw==}
    engines: {node: '>=18.18'}
    hasBin: true
    requiresBuild: true
    peerDependencies:
      typescript: '>=5.1.0'
    peerDependenciesMeta:
      typescript:
        optional: true
    dependencies:
      '@prisma/engines': 6.4.0-dev.37
    optionalDependencies:
      fsevents: 2.3.3
