lockfileVersion: '6.0'

settings:
  autoInstallPeers: true
  excludeLinksFromLockfile: false

dependencies:
  '@prisma/client':
    specifier: 5.23.0-dev.27
    version: 5.23.0-dev.27(prisma@5.23.0-dev.27)
  '@prisma/extension-accelerate':
    specifier: 1.2.1
    version: 1.2.1(@prisma/client@5.23.0-dev.27)

devDependencies:
  prisma:
    specifier: 5.23.0-dev.27
    version: 5.23.0-dev.27

packages:

  /@prisma/client@5.23.0-dev.27(prisma@5.23.0-dev.27):
    resolution: {integrity: sha512-I9BjzKRZ01CEAS9Rl84tZJ5CEHvGvwre8wMsdXjV2teeuSw6k9jzWSXGUNDK2WsgwRJGmLhXoHi9CCJD9bQDQg==}
    engines: {node: '>=18.18'}
    requiresBuild: true
    peerDependencies:
      prisma: '*'
    peerDependenciesMeta:
      prisma:
        optional: true
    dependencies:
      prisma: 5.23.0-dev.27
    dev: false

  /@prisma/debug@5.23.0-dev.27:
    resolution: {integrity: sha512-dw7m/6kmOKP1V7iHbqaTo986GENrWGson+P5vmaQpvc1mFrFSHouLi0EYnOnSyfVXl55gpOSeFlBLrfv0KYqkQ==}

  /@prisma/engines-version@5.23.0-13.06d4b2f30bf4fc71a1cb03bdc0f69f8c2a5c2b9c:
    resolution: {integrity: sha512-aPEDGg0mek44m4aMFLsRMcRmrOhFciHQ7oXSMaEuUEFhEEBjEfp07JpPo6IrPBum/gwaHYg18ZwU77MXEV2D4w==}

  /@prisma/engines@5.23.0-dev.27:
    resolution: {integrity: sha512-ism/+5dZgs85qubT9g76WmEbFbbw84AVridmZiVNsWVkgkqF5B/7l0VsI+porrFHWSyCbqELg3obSBMXWu59iw==}
    requiresBuild: true
    dependencies:
      '@prisma/debug': 5.23.0-dev.27
      '@prisma/engines-version': 5.23.0-13.06d4b2f30bf4fc71a1cb03bdc0f69f8c2a5c2b9c
      '@prisma/fetch-engine': 5.23.0-dev.27
      '@prisma/get-platform': 5.23.0-dev.27

  /@prisma/extension-accelerate@1.2.1(@prisma/client@5.23.0-dev.27):
    resolution: {integrity: sha512-QicnMeyqL226ilT3vvRsFAqPeIdqHGKR4c25CoK5zZ1tNIv8egfgpD1gCKqOGmfAz0pIKQnMuJU3eNg9KItC7A==}
    engines: {node: '>=16'}
    peerDependencies:
      '@prisma/client': '>=4.16.1'
    dependencies:
      '@prisma/client': 5.23.0-dev.27(prisma@5.23.0-dev.27)
    dev: false

  /@prisma/fetch-engine@5.23.0-dev.27:
    resolution: {integrity: sha512-M86KAzSiV+gs2MysmyCGVNJ1uPyza2Oa+9aQrYLn8O47BrOwuQDEJJ1ZNiePa8xYul1TZwAroteNKMTHeHhwGA==}
    dependencies:
      '@prisma/debug': 5.23.0-dev.27
      '@prisma/engines-version': 5.23.0-13.06d4b2f30bf4fc71a1cb03bdc0f69f8c2a5c2b9c
      '@prisma/get-platform': 5.23.0-dev.27

  /@prisma/get-platform@5.23.0-dev.27:
    resolution: {integrity: sha512-vuiJ8ON21G+7XHHaSc7yvyEqLAxlHVLY4y85SSI8Cy0MnFu6wHMx+mz4+eRG+g6yyCim1xH58uChMmDeoh763A==}
    dependencies:
      '@prisma/debug': 5.23.0-dev.27

  /fsevents@2.3.3:
    resolution: {integrity: sha512-5xoDfX+fL7faATnagmWPpbFtwh/R77WmMMqqHGS65C3vvB0YHrgF+B1YmZ3441tMj5n63k0212XNoJwzlhffQw==}
    engines: {node: ^8.16.0 || ^10.6.0 || >=11.0.0}
    os: [darwin]
    requiresBuild: true
    optional: true

  /prisma@5.23.0-dev.27:
    resolution: {integrity: sha512-5Q6TpCeQsKV9AcquIjaIbnfhuVeOVvhub9fFZF+lJSkIzwvKoWp4kbdjp0gifx3Aygt9YMQwIvevyXnB1CEkXw==}
    engines: {node: '>=18.18'}
    hasBin: true
    requiresBuild: true
    dependencies:
      '@prisma/engines': 5.23.0-dev.27
    optionalDependencies:
      fsevents: 2.3.3
