lockfileVersion: '6.0'

settings:
  autoInstallPeers: true
  excludeLinksFromLockfile: false

dependencies:
  '@prisma/client':
    specifier: 6.1.0-dev.25
    version: 6.1.0-dev.25(prisma@6.1.0-dev.25)
  '@prisma/extension-accelerate':
    specifier: 1.2.1
    version: 1.2.1(@prisma/client@6.1.0-dev.25)

devDependencies:
  prisma:
    specifier: 6.1.0-dev.25
    version: 6.1.0-dev.25

packages:

  /@prisma/client@6.1.0-dev.25(prisma@6.1.0-dev.25):
    resolution: {integrity: sha512-1Rbl7rTwSTTfwVWl+XSjC7Bc0CehJk5m8wtSaYC0bHZOSKnyl/jL38RlY4UJQjAqTobeZBHpy2/8C/SGQ9Rjmw==}
    engines: {node: '>=18.18'}
    requiresBuild: true
    peerDependencies:
      prisma: '*'
    peerDependenciesMeta:
      prisma:
        optional: true
    dependencies:
      prisma: 6.1.0-dev.25
    dev: false

  /@prisma/debug@6.1.0-dev.25:
    resolution: {integrity: sha512-5KAzwdhcm3p8prOc/Yg6ynpwuc+qoVvuYnp1Anc8yoyDhDNBWRN4j+zhbWudFOXLWehHqTkXuv3y0093fh5iQQ==}

  /@prisma/engines-version@6.1.0-14.79c7f7d747a2f7e2c27ca452405ffdad1be6da2d:
    resolution: {integrity: sha512-M07VId2kI/yU9aHU9poPevaxFnR/IH8GSRG5L41kkY8331m9QsPktec9y8Vf+Me3IwWe5DBaHNaK3VVKF+dv+A==}

  /@prisma/engines@6.1.0-dev.25:
    resolution: {integrity: sha512-/Cnih8RUKcLz0hHZiUe73onZokbEHWmX99easaoqkRn/OLGvwb8Ww/BzM2I4RUeuk6PaUrfu5ySnPJUVlkHt4Q==}
    requiresBuild: true
    dependencies:
      '@prisma/debug': 6.1.0-dev.25
      '@prisma/engines-version': 6.1.0-14.79c7f7d747a2f7e2c27ca452405ffdad1be6da2d
      '@prisma/fetch-engine': 6.1.0-dev.25
      '@prisma/get-platform': 6.1.0-dev.25

  /@prisma/extension-accelerate@1.2.1(@prisma/client@6.1.0-dev.25):
    resolution: {integrity: sha512-QicnMeyqL226ilT3vvRsFAqPeIdqHGKR4c25CoK5zZ1tNIv8egfgpD1gCKqOGmfAz0pIKQnMuJU3eNg9KItC7A==}
    engines: {node: '>=16'}
    peerDependencies:
      '@prisma/client': '>=4.16.1'
    dependencies:
      '@prisma/client': 6.1.0-dev.25(prisma@6.1.0-dev.25)
    dev: false

  /@prisma/fetch-engine@6.1.0-dev.25:
    resolution: {integrity: sha512-eKcLGtH5Tkf9Jopp/nN6Yn1BZhuqNVrrIDXgFYzqUEsM46VXSQlVR0akdIGES+erX4FVXJ5Bc4+DRZCRmrECEw==}
    dependencies:
      '@prisma/debug': 6.1.0-dev.25
      '@prisma/engines-version': 6.1.0-14.79c7f7d747a2f7e2c27ca452405ffdad1be6da2d
      '@prisma/get-platform': 6.1.0-dev.25

  /@prisma/get-platform@6.1.0-dev.25:
    resolution: {integrity: sha512-eNlmIpksTVAdDfCrxl9umGuUJn4WfVDx1r7GkgIvcFsxqCHjaSmkmZJlByKAd+ncZuLCQ6PoOHoi2at2iv761A==}
    dependencies:
      '@prisma/debug': 6.1.0-dev.25

  /fsevents@2.3.3:
    resolution: {integrity: sha512-5xoDfX+fL7faATnagmWPpbFtwh/R77WmMMqqHGS65C3vvB0YHrgF+B1YmZ3441tMj5n63k0212XNoJwzlhffQw==}
    engines: {node: ^8.16.0 || ^10.6.0 || >=11.0.0}
    os: [darwin]
    requiresBuild: true
    optional: true

  /prisma@6.1.0-dev.25:
    resolution: {integrity: sha512-7s5+wj4Rvnky+ME9fvc3qLCM3yk0x4TMsi6WlDcIQLVvaz0tXMW66/dFzLUNcXTbN7GsfyeQeNDfBBB9VhKGrQ==}
    engines: {node: '>=18.18'}
    hasBin: true
    requiresBuild: true
    dependencies:
      '@prisma/engines': 6.1.0-dev.25
    optionalDependencies:
      fsevents: 2.3.3
